hash: a863d80c5b6a7c474f023df7e60384a61f83222b1eeb4e7c4dd2ea3f21e788bf
updated: 2016-12-01T19:15:42.413715693-05:00
imports:
- name: github.com/dgrijalva/jwt-go
  version: d2709f9f1f31ebcda9651b03077758c1f3a0018c
- name: github.com/gorilla/websocket
  version: 1f512fc3f05332ba7117626cdfb4e07474e58e60
- name: github.com/jmoiron/sqlx
  version: f71d5ee01769df469d115332106ef504ded071dc
  subpackages:
  - reflectx
- name: github.com/joho/godotenv
  version: a01a834e1654b4c9ca5b3ad05159445cc9c7ad08
- name: github.com/jonfk/comment-server
  version: ecaf4f28aa0a59c9aa6f0bc49bc7d97922246468
  subpackages:
  - commands
  - events
  - accounts
- name: github.com/lib/pq
  version: d8eeeb8bae8896dd8e1b7e514ab0d396c4f12a1b
  subpackages:
  - oid
- name: github.com/satori/go.uuid
  version: 879c5887cd475cd7864858769793b2ceb0d44feb
- name: github.com/Sirupsen/logrus
  version: d26492970760ca5d33129d2d799e34be5c4782eb
- name: golang.org/x/crypto
  version: 7efbae5d109cb7a2dbc362886213f73c4c55dede
  subpackages:
  - scrypt
  - pbkdf2
- name: golang.org/x/sys
  version: d5645953809d8b4752afb2c3224b1f1ad73dfa70
  subpackages:
  - unix
testImports: []
