hash: 1d5613e46aa19093206803237afa09e1b7ab351f19390f79263a804e6c748afc
updated: 2016-11-26T21:42:29.137788284-05:00
imports:
- name: github.com/gorilla/websocket
  version: 1f512fc3f05332ba7117626cdfb4e07474e58e60
- name: github.com/jmoiron/sqlx
  version: f71d5ee01769df469d115332106ef504ded071dc
  subpackages:
  - reflectx
- name: github.com/joho/godotenv
  version: a01a834e1654b4c9ca5b3ad05159445cc9c7ad08
- name: github.com/lib/pq
  version: d8eeeb8bae8896dd8e1b7e514ab0d396c4f12a1b
  subpackages:
  - oid
- name: github.com/satori/go.uuid
  version: 879c5887cd475cd7864858769793b2ceb0d44feb
- name: golang.org/x/crypto
  version: ede567c8e044a5913dad1d1af3696d9da953104c
  subpackages:
  - scrypt
  - pbkdf2
testImports: []
