hash: 5128c13e47d643781c343d5383fa0595705a0aa1fe33ded6a42088f6b95403a3
updated: 2016-11-07T22:30:22.555163309-05:00
imports:
- name: github.com/gorilla/websocket
  version: 1f512fc3f05332ba7117626cdfb4e07474e58e60
- name: github.com/lib/pq
  version: d8eeeb8bae8896dd8e1b7e514ab0d396c4f12a1b
  subpackages:
  - oid
testImports: []
